{
  "version": 4,
  "terraform_version": "1.0.9",
  "serial": 178,
  "lineage": "619b948b-42f7-9fbb-037b-519f9cd7e809",
  "outputs": {
    "atlantis_allowed_repo_names": {
      "value": [
        "develop"
      ],
      "type": [
        "list",
        "string"
      ]
    },
    "atlantis_url": {
      "value": "https://github-complete.chiboy.link",
      "type": "string"
    },
    "github_webhook_secret": {
      "value": "168161d4ac853d98f1929069c57af847c327be15cd9a67757d54d67b230ed987d338a8833ab8a8bdd9eab6027a60262258381b760dfc8572f676dfc6a45ff219",
      "type": "string",
      "sensitive": true
    },
    "github_webhook_urls": {
      "value": [
        "https://api.github.com/repos/franklinjob/develop/hooks/326189467"
      ],
      "type": [
        "tuple",
        [
          "string"
        ]
      ]
    },
    "task_role_arn": {
      "value": "arn:aws:iam::162193915932:role/github-complete-ecs_task_execution",
      "type": "string"
    }
  },
  "resources": [
    {
      "mode": "data",
      "type": "aws_caller_identity",
      "name": "current",
      "provider": "provider[\"registry.terraform.io/hashicorp/aws\"]",
      "instances": [
        {
          "schema_version": 0,
          "attributes": {
            "account_id": "162193915932",
            "arn": "arn:aws:iam::162193915932:user/frankusername",
            "id": "162193915932",
            "user_id": "AIDASLQ4CYAOPREEGQJ7O"
          },
          "sensitive_attributes": []
        }
      ]
    },
    {
      "mode": "data",
      "type": "aws_elb_service_account",
      "name": "current",
      "provider": "provider[\"registry.terraform.io/hashicorp/aws\"]",
      "instances": [
        {
          "schema_version": 0,
          "attributes": {
            "arn": "arn:aws:iam::156460612806:root",
            "id": "156460612806",
            "region": null
          },
          "sensitive_attributes": []
        }
      ]
    },
    {
      "mode": "data",
      "type": "aws_iam_policy_document",
      "name": "atlantis_access_log_bucket_policy",
      "provider": "provider[\"registry.terraform.io/hashicorp/aws\"]",
      "instances": [
        {
          "schema_version": 0,
          "attributes": {
            "id": "262803506",
            "json": "{\n  \"Version\": \"2012-10-17\",\n  \"Statement\": [\n    {\n      \"Sid\": \"LogsLogDeliveryWrite\",\n      \"Effect\": \"Allow\",\n      \"Action\": \"s3:PutObject\",\n      \"Resource\": \"arn:aws:s3:::atlantis-access-logs-162193915932-eu-west-1/*/AWSLogs/162193915932/*\",\n      \"Principal\": {\n        \"AWS\": \"arn:aws:iam::156460612806:root\"\n      }\n    },\n    {\n      \"Sid\": \"AWSLogDeliveryWrite\",\n      \"Effect\": \"Allow\",\n      \"Action\": \"s3:PutObject\",\n      \"Resource\": \"arn:aws:s3:::atlantis-access-logs-162193915932-eu-west-1/*/AWSLogs/162193915932/*\",\n      \"Principal\": {\n        \"Service\": \"delivery.logs.amazonaws.com\"\n      },\n      \"Condition\": {\n        \"StringEquals\": {\n          \"s3:x-amz-acl\": [\n            \"bucket-owner-full-control\"\n          ]\n        }\n      }\n    },\n    {\n      \"Sid\": \"AWSLogDeliveryAclCheck\",\n      \"Effect\": \"Allow\",\n      \"Action\": \"s3:GetBucketAcl\",\n      \"Resource\": \"arn:aws:s3:::atlantis-access-logs-162193915932-eu-west-1\",\n      \"Principal\": {\n        \"Service\": \"delivery.logs.amazonaws.com\"\n      }\n    }\n  ]\n}",
            "override_json": null,
            "override_policy_documents": null,
            "policy_id": null,
            "source_json": null,
            "source_policy_documents": null,
            "statement": [
              {
                "actions": [
                  "s3:PutObject"
                ],
                "condition": [],
                "effect": "Allow",
                "not_actions": [],
                "not_principals": [],
                "not_resources": [],
                "principals": [
                  {
                    "identifiers": [
                      "arn:aws:iam::156460612806:root"
                    ],
                    "type": "AWS"
                  }
                ],
                "resources": [
                  "arn:aws:s3:::atlantis-access-logs-162193915932-eu-west-1/*/AWSLogs/162193915932/*"
                ],
                "sid": "LogsLogDeliveryWrite"
              },
              {
                "actions": [
                  "s3:PutObject"
                ],
                "condition": [
                  {
                    "test": "StringEquals",
                    "values": [
                      "bucket-owner-full-control"
                    ],
                    "variable": "s3:x-amz-acl"
                  }
                ],
                "effect": "Allow",
                "not_actions": [],
                "not_principals": [],
                "not_resources": [],
                "principals": [
                  {
                    "identifiers": [
                      "delivery.logs.amazonaws.com"
                    ],
                    "type": "Service"
                  }
                ],
                "resources": [
                  "arn:aws:s3:::atlantis-access-logs-162193915932-eu-west-1/*/AWSLogs/162193915932/*"
                ],
                "sid": "AWSLogDeliveryWrite"
              },
              {
                "actions": [
                  "s3:GetBucketAcl"
                ],
                "condition": [],
                "effect": "Allow",
                "not_actions": [],
                "not_principals": [],
                "not_resources": [],
                "principals": [
                  {
                    "identifiers": [
                      "delivery.logs.amazonaws.com"
                    ],
                    "type": "Service"
                  }
                ],
                "resources": [
                  "arn:aws:s3:::atlantis-access-logs-162193915932-eu-west-1"
                ],
                "sid": "AWSLogDeliveryAclCheck"
              }
            ],
            "version": "2012-10-17"
          },
          "sensitive_attributes": []
        }
      ]
    },
    {
      "mode": "data",
      "type": "aws_region",
      "name": "current",
      "provider": "provider[\"registry.terraform.io/hashicorp/aws\"]",
      "instances": [
        {
          "schema_version": 0,
          "attributes": {
            "description": "Europe (Ireland)",
            "endpoint": "ec2.eu-west-1.amazonaws.com",
            "id": "eu-west-1",
            "name": "eu-west-1"
          },
          "sensitive_attributes": []
        }
      ]
    },
    {
      "module": "module.atlantis",
      "mode": "data",
      "type": "aws_ecs_task_definition",
      "name": "atlantis",
      "provider": "provider[\"registry.terraform.io/hashicorp/aws\"]",
      "instances": []
    },
    {
      "module": "module.atlantis",
      "mode": "data",
      "type": "aws_iam_policy_document",
      "name": "ecs_task_access_secrets",
      "provider": "provider[\"registry.terraform.io/hashicorp/aws\"]",
      "instances": [
        {
          "schema_version": 0,
          "attributes": {
            "id": "2849786616",
            "json": "{\n  \"Version\": \"2012-10-17\",\n  \"Statement\": [\n    {\n      \"Sid\": \"\",\n      \"Effect\": \"Allow\",\n      \"Action\": [\n        \"ssm:GetParameters\",\n        \"secretsmanager:GetSecretValue\"\n      ],\n      \"Resource\": \"arn:aws:ssm:eu-west-1:162193915932:parameter/atlantis/github/user/token\"\n    }\n  ]\n}",
            "override_json": null,
            "override_policy_documents": null,
            "policy_id": null,
            "source_json": null,
            "source_policy_documents": null,
            "statement": [
              {
                "actions": [
                  "secretsmanager:GetSecretValue",
                  "ssm:GetParameters"
                ],
                "condition": [],
                "effect": "Allow",
                "not_actions": [],
                "not_principals": [],
                "not_resources": [],
                "principals": [],
                "resources": [
                  "arn:aws:ssm:eu-west-1:162193915932:parameter/atlantis/github/user/token"
                ],
                "sid": ""
              }
            ],
            "version": "2012-10-17"
          },
          "sensitive_attributes": []
        }
      ]
    },
    {
      "module": "module.atlantis",
      "mode": "data",
      "type": "aws_iam_policy_document",
      "name": "ecs_task_access_secrets_with_kms",
      "provider": "provider[\"registry.terraform.io/hashicorp/aws\"]",
      "instances": []
    },
    {
      "module": "module.atlantis",
      "mode": "data",
      "type": "aws_iam_policy_document",
      "name": "ecs_tasks",
      "provider": "provider[\"registry.terraform.io/hashicorp/aws\"]",
      "instances": [
        {
          "schema_version": 0,
          "attributes": {
            "id": "1869018895",
            "json": "{\n  \"Version\": \"2012-10-17\",\n  \"Statement\": [\n    {\n      \"Sid\": \"\",\n      \"Effect\": \"Allow\",\n      \"Action\": \"sts:AssumeRole\",\n      \"Principal\": {\n        \"Service\": [\n          \"ssm.amazonaws.com\",\n          \"ecs-tasks.amazonaws.com\"\n        ]\n      }\n    }\n  ]\n}",
            "override_json": null,
            "override_policy_documents": null,
            "policy_id": null,
            "source_json": null,
            "source_policy_documents": null,
            "statement": [
              {
                "actions": [
                  "sts:AssumeRole"
                ],
                "condition": [],
                "effect": "Allow",
                "not_actions": [],
                "not_principals": [],
                "not_resources": [],
                "principals": [
                  {
                    "identifiers": [
                      "ecs-tasks.amazonaws.com",
                      "ssm.amazonaws.com"
                    ],
                    "type": "Service"
                  }
                ],
                "resources": [],
                "sid": ""
              }
            ],
            "version": "2012-10-17"
          },
          "sensitive_attributes": []
        }
      ]
    },
    {
      "module": "module.atlantis",
      "mode": "data",
      "type": "aws_partition",
      "name": "current",
      "provider": "provider[\"registry.terraform.io/hashicorp/aws\"]",
      "instances": [
        {
          "schema_version": 0,
          "attributes": {
            "dns_suffix": "amazonaws.com",
            "id": "aws",
            "partition": "aws",
            "reverse_dns_prefix": "com.amazonaws"
          },
          "sensitive_attributes": []
        }
      ]
    },
    {
      "module": "module.atlantis",
      "mode": "data",
      "type": "aws_region",
      "name": "current",
      "provider": "provider[\"registry.terraform.io/hashicorp/aws\"]",
      "instances": [
        {
          "schema_version": 0,
          "attributes": {
            "description": "Europe (Ireland)",
            "endpoint": "ec2.eu-west-1.amazonaws.com",
            "id": "eu-west-1",
            "name": "eu-west-1"
          },
          "sensitive_attributes": []
        }
      ]
    },
    {
      "module": "module.atlantis",
      "mode": "data",
      "type": "aws_route53_zone",
      "name": "this",
      "provider": "provider[\"registry.terraform.io/hashicorp/aws\"]",
      "instances": [
        {
          "index_key": 0,
          "schema_version": 0,
          "attributes": {
            "arn": "arn:aws:route53:::hostedzone/Z0914955BQIPDJXWD2DL",
            "caller_reference": "5770e9b5-e59d-4100-b076-41f1c7383eab",
            "comment": "Test",
            "id": "Z0914955BQIPDJXWD2DL",
            "linked_service_description": null,
            "linked_service_principal": null,
            "name": "chiboy.link",
            "name_servers": [
              "ns-1015.awsdns-62.net",
              "ns-1251.awsdns-28.org",
              "ns-1777.awsdns-30.co.uk",
              "ns-66.awsdns-08.com"
            ],
            "private_zone": false,
            "resource_record_set_count": 2,
            "tags": {},
            "vpc_id": null,
            "zone_id": "Z0914955BQIPDJXWD2DL"
          },
          "sensitive_attributes": []
        }
      ]
    },
    {
      "module": "module.atlantis",
      "mode": "managed",
      "type": "aws_cloudwatch_log_group",
      "name": "atlantis",
      "provider": "provider[\"registry.terraform.io/hashicorp/aws\"]",
      "instances": [
        {
          "schema_version": 0,
          "attributes": {
            "arn": "arn:aws:logs:eu-west-1:162193915932:log-group:github-complete",
            "id": "github-complete",
            "kms_key_id": "",
            "name": "github-complete",
            "name_prefix": null,
            "retention_in_days": 7,
            "tags": {
              "Environment": "dev",
              "Name": "github-complete",
              "Owner": "user"
            },
            "tags_all": {
              "Environment": "dev",
              "Name": "github-complete",
              "Owner": "user"
            }
          },
          "sensitive_attributes": [],
          "private": "bnVsbA=="
        }
      ]
    },
    {
      "module": "module.atlantis",
      "mode": "managed",
      "type": "aws_ecs_task_definition",
      "name": "atlantis",
      "provider": "provider[\"registry.terraform.io/hashicorp/aws\"]",
      "instances": [
        {
          "schema_version": 1,
          "attributes": {
            "arn": "arn:aws:ecs:eu-west-1:162193915932:task-definition/github-complete:2",
            "container_definitions": "[{\"command\":[\"server\"],\"cpu\":512,\"dockerLabels\":{\"org.opencontainers.image.description\":\"A self-hosted golang application that listens for Terraform pull request events via webhooks.\",\"org.opencontainers.image.title\":\"Atlantis\",\"org.opencontainers.image.url\":\"https://github.com/runatlantis/atlantis/pkgs/container/atlantis\"},\"entryPoint\":[\"docker-entrypoint.sh\"],\"environment\":[{\"name\":\"ATLANTIS_ALLOW_REPO_CONFIG\",\"value\":\"true\"},{\"name\":\"ATLANTIS_ATLANTIS_URL\",\"value\":\"https://github-complete.chiboy.link\"},{\"name\":\"ATLANTIS_GH_USER\",\"value\":\"franktastik\"},{\"name\":\"ATLANTIS_HIDE_PREV_PLAN_COMMENTS\",\"value\":\"false\"},{\"name\":\"ATLANTIS_LOG_LEVEL\",\"value\":\"debug\"},{\"name\":\"ATLANTIS_PORT\",\"value\":\"4141\"},{\"name\":\"ATLANTIS_REPO_ALLOWLIST\",\"value\":\"github.com/franklinjob/*\"}],\"essential\":true,\"image\":\"ghcr.io/runatlantis/atlantis:latest\",\"logConfiguration\":{\"logDriver\":\"awslogs\",\"options\":{\"awslogs-group\":\"github-complete\",\"awslogs-region\":\"eu-west-1\",\"awslogs-stream-prefix\":\"ecs\"},\"secretOptions\":[]},\"memory\":1024,\"memoryReservation\":256,\"mountPoints\":[],\"name\":\"github-complete\",\"portMappings\":[{\"containerPort\":4141,\"hostPort\":4141,\"protocol\":\"tcp\"}],\"readonlyRootFilesystem\":false,\"secrets\":[{\"name\":\"ATLANTIS_GH_TOKEN\",\"valueFrom\":\"/atlantis/github/user/token\"}],\"startTimeout\":30,\"stopTimeout\":30,\"ulimits\":[{\"hardLimit\":16384,\"name\":\"nofile\",\"softLimit\":4096}],\"user\":\"atlantis\",\"volumesFrom\":[],\"workingDirectory\":\"/tmp\"}]",
            "cpu": "512",
            "ephemeral_storage": [],
            "execution_role_arn": "arn:aws:iam::162193915932:role/github-complete-ecs_task_execution",
            "family": "github-complete",
            "id": "github-complete",
            "inference_accelerator": [],
            "ipc_mode": "",
            "memory": "1024",
            "network_mode": "awsvpc",
            "pid_mode": "",
            "placement_constraints": [],
            "proxy_configuration": [],
            "requires_compatibilities": [
              "FARGATE"
            ],
            "revision": 2,
            "tags": {
              "Environment": "dev",
              "Name": "github-complete",
              "Owner": "user"
            },
            "tags_all": {
              "Environment": "dev",
              "Name": "github-complete",
              "Owner": "user"
            },
            "task_role_arn": "arn:aws:iam::162193915932:role/github-complete-ecs_task_execution",
            "volume": []
          },
          "sensitive_attributes": [],
          "private": "eyJzY2hlbWFfdmVyc2lvbiI6IjEifQ==",
          "dependencies": [
            "data.aws_caller_identity.current",
            "data.aws_elb_service_account.current",
            "data.aws_iam_policy_document.atlantis_access_log_bucket_policy",
            "data.aws_region.current",
            "module.atlantis.aws_cloudwatch_log_group.atlantis",
            "module.atlantis.aws_iam_role.ecs_task_execution",
            "module.atlantis.aws_route53_record.atlantis",
            "module.atlantis.data.aws_iam_policy_document.ecs_tasks",
            "module.atlantis.data.aws_region.current",
            "module.atlantis.data.aws_route53_zone.this",
            "module.atlantis.module.alb.aws_lb.this",
            "module.atlantis.module.alb_http_sg.module.sg.aws_security_group.this",
            "module.atlantis.module.alb_http_sg.module.sg.aws_security_group.this_name_prefix",
            "module.atlantis.module.alb_https_sg.module.sg.aws_security_group.this",
            "module.atlantis.module.alb_https_sg.module.sg.aws_security_group.this_name_prefix",
            "module.atlantis.module.vpc.aws_subnet.public",
            "module.atlantis.module.vpc.aws_vpc.this",
            "module.atlantis.module.vpc.aws_vpc_ipv4_cidr_block_association.this",
            "module.atlantis_access_log_bucket.aws_s3_bucket.this",
            "module.atlantis_access_log_bucket.aws_s3_bucket_policy.this",
            "module.atlantis_access_log_bucket.data.aws_iam_policy_document.combined",
            "module.atlantis_access_log_bucket.data.aws_iam_policy_document.deny_insecure_transport",
            "module.atlantis_access_log_bucket.data.aws_iam_policy_document.elb_log_delivery",
            "module.atlantis_access_log_bucket.data.aws_iam_policy_document.lb_log_delivery"
          ]
        }
      ]
    },
    {
      "module": "module.atlantis",
      "mode": "managed",
      "type": "aws_iam_role",
      "name": "ecs_task_execution",
      "provider": "provider[\"registry.terraform.io/hashicorp/aws\"]",
      "instances": [
        {
          "schema_version": 0,
          "attributes": {
            "arn": "arn:aws:iam::162193915932:role/github-complete-ecs_task_execution",
            "assume_role_policy": "{\"Version\":\"2012-10-17\",\"Statement\":[{\"Sid\":\"\",\"Effect\":\"Allow\",\"Principal\":{\"Service\":[\"ssm.amazonaws.com\",\"ecs-tasks.amazonaws.com\"]},\"Action\":\"sts:AssumeRole\"}]}",
            "create_date": "2021-10-31T22:43:19Z",
            "description": "",
            "force_detach_policies": false,
            "id": "github-complete-ecs_task_execution",
            "inline_policy": [
              {
                "name": "",
                "policy": ""
              }
            ],
            "managed_policy_arns": [],
            "max_session_duration": 3600,
            "name": "github-complete-ecs_task_execution",
            "name_prefix": "",
            "path": "/",
            "permissions_boundary": null,
            "tags": {
              "Environment": "dev",
              "Name": "github-complete",
              "Owner": "user"
            },
            "tags_all": {
              "Environment": "dev",
              "Name": "github-complete",
              "Owner": "user"
            },
            "unique_id": "AROASLQ4CYAOEIJGWPSAU"
          },
          "sensitive_attributes": [],
          "private": "bnVsbA==",
          "dependencies": [
            "module.atlantis.data.aws_iam_policy_document.ecs_tasks"
          ]
        }
      ]
    },
    {
      "module": "module.atlantis",
      "mode": "managed",
      "type": "aws_iam_role_policy",
      "name": "ecs_task_access_secrets",
      "provider": "provider[\"registry.terraform.io/hashicorp/aws\"]",
      "instances": [
        {
          "index_key": 0,
          "schema_version": 0,
          "attributes": {
            "id": "github-complete-ecs_task_execution:ECSTaskAccessSecretsPolicy",
            "name": "ECSTaskAccessSecretsPolicy",
            "name_prefix": null,
            "policy": "{\n  \"Version\": \"2012-10-17\",\n  \"Statement\": [\n    {\n      \"Sid\": \"\",\n      \"Effect\": \"Allow\",\n      \"Action\": [\n        \"ssm:GetParameters\",\n        \"secretsmanager:GetSecretValue\"\n      ],\n      \"Resource\": \"arn:aws:ssm:eu-west-1:162193915932:parameter/atlantis/github/user/token\"\n    }\n  ]\n}",
            "role": "github-complete-ecs_task_execution"
          },
          "sensitive_attributes": [],
          "private": "bnVsbA==",
          "dependencies": [
            "module.atlantis.aws_iam_role.ecs_task_execution",
            "module.atlantis.aws_ssm_parameter.atlantis_github_user_token",
            "module.atlantis.data.aws_iam_policy_document.ecs_task_access_secrets",
            "module.atlantis.data.aws_iam_policy_document.ecs_task_access_secrets_with_kms",
            "module.atlantis.data.aws_iam_policy_document.ecs_tasks"
          ]
        }
      ]
    },
    {
      "module": "module.atlantis",
      "mode": "managed",
      "type": "aws_iam_role_policy_attachment",
      "name": "ecs_task_execution",
      "provider": "provider[\"registry.terraform.io/hashicorp/aws\"]",
      "instances": [
        {
          "index_key": "arn:aws:iam::aws:policy/service-role/AmazonECSTaskExecutionRolePolicy",
          "schema_version": 0,
          "attributes": {
            "id": "github-complete-ecs_task_execution-20211031224321327400000002",
            "policy_arn": "arn:aws:iam::aws:policy/service-role/AmazonECSTaskExecutionRolePolicy",
            "role": "github-complete-ecs_task_execution"
          },
          "sensitive_attributes": [],
          "private": "bnVsbA==",
          "dependencies": [
            "module.atlantis.aws_iam_role.ecs_task_execution",
            "module.atlantis.data.aws_iam_policy_document.ecs_tasks",
            "module.atlantis.data.aws_partition.current"
          ]
        }
      ]
    },
    {
      "module": "module.atlantis",
      "mode": "managed",
      "type": "aws_lb_listener_rule",
      "name": "unauthenticated_access_for_cidr_blocks",
      "provider": "provider[\"registry.terraform.io/hashicorp/aws\"]",
      "instances": []
    },
    {
      "module": "module.atlantis",
      "mode": "managed",
      "type": "aws_lb_listener_rule",
      "name": "unauthenticated_access_for_webhook",
      "provider": "provider[\"registry.terraform.io/hashicorp/aws\"]",
      "instances": []
    },
    {
      "module": "module.atlantis",
      "mode": "managed",
      "type": "aws_route53_record",
      "name": "atlantis",
      "provider": "provider[\"registry.terraform.io/hashicorp/aws\"]",
      "instances": [
        {
          "index_key": 0,
          "schema_version": 2,
          "attributes": {
            "alias": [
              {
                "evaluate_target_health": true,
                "name": "github-complete-1992949973.eu-west-1.elb.amazonaws.com",
                "zone_id": "Z32O12XQLNTSW2"
              }
            ],
            "allow_overwrite": null,
            "failover_routing_policy": [],
            "fqdn": "github-complete.chiboy.link",
            "geolocation_routing_policy": [],
            "health_check_id": null,
            "id": "Z0914955BQIPDJXWD2DL_github-complete_A",
            "latency_routing_policy": [],
            "multivalue_answer_routing_policy": null,
            "name": "github-complete",
            "records": null,
            "set_identifier": null,
            "ttl": null,
            "type": "A",
            "weighted_routing_policy": [],
            "zone_id": "Z0914955BQIPDJXWD2DL"
          },
          "sensitive_attributes": [],
          "private": "eyJzY2hlbWFfdmVyc2lvbiI6IjIifQ==",
          "dependencies": [
            "data.aws_caller_identity.current",
            "data.aws_elb_service_account.current",
            "data.aws_iam_policy_document.atlantis_access_log_bucket_policy",
            "data.aws_region.current",
            "module.atlantis.data.aws_route53_zone.this",
            "module.atlantis.module.alb.aws_lb.this",
            "module.atlantis.module.alb_http_sg.module.sg.aws_security_group.this",
            "module.atlantis.module.alb_http_sg.module.sg.aws_security_group.this_name_prefix",
            "module.atlantis.module.alb_https_sg.module.sg.aws_security_group.this",
            "module.atlantis.module.alb_https_sg.module.sg.aws_security_group.this_name_prefix",
            "module.atlantis.module.vpc.aws_subnet.public",
            "module.atlantis.module.vpc.aws_vpc.this",
            "module.atlantis.module.vpc.aws_vpc_ipv4_cidr_block_association.this",
            "module.atlantis_access_log_bucket.aws_s3_bucket.this",
            "module.atlantis_access_log_bucket.aws_s3_bucket_policy.this",
            "module.atlantis_access_log_bucket.data.aws_iam_policy_document.combined",
            "module.atlantis_access_log_bucket.data.aws_iam_policy_document.deny_insecure_transport",
            "module.atlantis_access_log_bucket.data.aws_iam_policy_document.elb_log_delivery",
            "module.atlantis_access_log_bucket.data.aws_iam_policy_document.lb_log_delivery"
          ]
        }
      ]
    },
    {
      "module": "module.atlantis",
      "mode": "managed",
      "type": "aws_ssm_parameter",
      "name": "atlantis_github_user_token",
      "provider": "provider[\"registry.terraform.io/hashicorp/aws\"]",
      "instances": [
        {
          "index_key": 0,
          "schema_version": 0,
          "attributes": {
            "allowed_pattern": "",
            "arn": "arn:aws:ssm:eu-west-1:162193915932:parameter/atlantis/github/user/token",
            "data_type": "text",
            "description": "",
            "id": "/atlantis/github/user/token",
            "key_id": "alias/aws/ssm",
            "name": "/atlantis/github/user/token",
            "overwrite": null,
            "tags": {
              "Environment": "dev",
              "Name": "github-complete",
              "Owner": "user"
            },
            "tags_all": {
              "Environment": "dev",
              "Name": "github-complete",
              "Owner": "user"
            },
            "tier": "Standard",
            "type": "SecureString",
            "value": "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",
            "version": 1
          },
          "sensitive_attributes": [],
          "private": "bnVsbA=="
        }
      ]
    },
    {
      "module": "module.atlantis",
      "mode": "managed",
      "type": "random_id",
      "name": "webhook",
      "provider": "provider[\"registry.terraform.io/hashicorp/random\"]",
      "instances": [
        {
          "index_key": 0,
          "schema_version": 0,
          "attributes": {
            "b64_std": "FoFh1KyFPZjxkpBpxXr4R8MnvhXNmmd1fVTWeyMO2YfTOKiDOriovdnqtgJ6YCYiWDgbdg38hXL2dt/GpF/yGQ==",
            "b64_url": "FoFh1KyFPZjxkpBpxXr4R8MnvhXNmmd1fVTWeyMO2YfTOKiDOriovdnqtgJ6YCYiWDgbdg38hXL2dt_GpF_yGQ",
            "byte_length": 64,
            "dec": "1178703388930070300154017929618603072640324859412677795850181665754483729876071493030465888587051871186834353490971966465080607671596957945494248718594585",
            "hex": "168161d4ac853d98f1929069c57af847c327be15cd9a67757d54d67b230ed987d338a8833ab8a8bdd9eab6027a60262258381b760dfc8572f676dfc6a45ff219",
            "id": "FoFh1KyFPZjxkpBpxXr4R8MnvhXNmmd1fVTWeyMO2YfTOKiDOriovdnqtgJ6YCYiWDgbdg38hXL2dt_GpF_yGQ",
            "keepers": null,
            "prefix": null
          },
          "sensitive_attributes": [],
          "private": "bnVsbA=="
        }
      ]
    },
    {
      "module": "module.atlantis.module.acm",
      "mode": "managed",
      "type": "aws_acm_certificate",
      "name": "this",
      "provider": "provider[\"registry.terraform.io/hashicorp/aws\"]",
      "instances": [
        {
          "index_key": 0,
          "schema_version": 0,
          "attributes": {
            "arn": "arn:aws:acm:eu-west-1:162193915932:certificate/931d0177-805d-4de2-9258-655e69e6a23e",
            "certificate_authority_arn": "",
            "certificate_body": null,
            "certificate_chain": null,
            "domain_name": "github-complete.chiboy.link",
            "domain_validation_options": [
              {
                "domain_name": "github-complete.chiboy.link",
                "resource_record_name": "_6b6907cec6936a62fa928d3ae815c1dd.github-complete.chiboy.link.",
                "resource_record_type": "CNAME",
                "resource_record_value": "_a9b509f23f2143f46a7c49943ae144da.bcsdcprczz.acm-validations.aws."
              }
            ],
            "id": "arn:aws:acm:eu-west-1:162193915932:certificate/931d0177-805d-4de2-9258-655e69e6a23e",
            "options": [
              {
                "certificate_transparency_logging_preference": "ENABLED"
              }
            ],
            "private_key": null,
            "status": "PENDING_VALIDATION",
            "subject_alternative_names": [],
            "tags": {
              "Environment": "dev",
              "Name": "github-complete",
              "Owner": "user"
            },
            "tags_all": {
              "Environment": "dev",
              "Name": "github-complete",
              "Owner": "user"
            },
            "validation_emails": [],
            "validation_method": "DNS"
          },
          "sensitive_attributes": [],
          "private": "bnVsbA==",
          "create_before_destroy": true
        }
      ]
    },
    {
      "module": "module.atlantis.module.acm",
      "mode": "managed",
      "type": "aws_acm_certificate_validation",
      "name": "this",
      "provider": "provider[\"registry.terraform.io/hashicorp/aws\"]",
      "instances": []
    },
    {
      "module": "module.atlantis.module.acm",
      "mode": "managed",
      "type": "aws_route53_record",
      "name": "validation",
      "provider": "provider[\"registry.terraform.io/hashicorp/aws\"]",
      "instances": [
        {
          "index_key": 0,
          "schema_version": 2,
          "attributes": {
            "alias": [],
            "allow_overwrite": true,
            "failover_routing_policy": [],
            "fqdn": "_6b6907cec6936a62fa928d3ae815c1dd.github-complete.chiboy.link",
            "geolocation_routing_policy": [],
            "health_check_id": null,
            "id": "Z0914955BQIPDJXWD2DL__6b6907cec6936a62fa928d3ae815c1dd.github-complete.chiboy.link._CNAME",
            "latency_routing_policy": [],
            "multivalue_answer_routing_policy": null,
            "name": "_6b6907cec6936a62fa928d3ae815c1dd.github-complete.chiboy.link",
            "records": [
              "_a9b509f23f2143f46a7c49943ae144da.bcsdcprczz.acm-validations.aws."
            ],
            "set_identifier": null,
            "ttl": 60,
            "type": "CNAME",
            "weighted_routing_policy": [],
            "zone_id": "Z0914955BQIPDJXWD2DL"
          },
          "sensitive_attributes": [],
          "private": "eyJzY2hlbWFfdmVyc2lvbiI6IjIifQ==",
          "dependencies": [
            "module.atlantis.data.aws_route53_zone.this",
            "module.atlantis.module.acm.aws_acm_certificate.this"
          ]
        }
      ]
    },
    {
      "module": "module.atlantis.module.alb",
      "mode": "managed",
      "type": "aws_lb",
      "name": "this",
      "provider": "provider[\"registry.terraform.io/hashicorp/aws\"]",
      "instances": [
        {
          "index_key": 0,
          "schema_version": 0,
          "attributes": {
            "access_logs": [
              {
                "bucket": "atlantis-access-logs-162193915932-eu-west-1",
                "enabled": true,
                "prefix": "atlantis-alb"
              }
            ],
            "arn": "arn:aws:elasticloadbalancing:eu-west-1:162193915932:loadbalancer/app/github-complete/c4e6024aacf028c2",
            "arn_suffix": "app/github-complete/c4e6024aacf028c2",
            "customer_owned_ipv4_pool": "",
            "dns_name": "github-complete-1992949973.eu-west-1.elb.amazonaws.com",
            "drop_invalid_header_fields": true,
            "enable_cross_zone_load_balancing": null,
            "enable_deletion_protection": false,
            "enable_http2": true,
            "id": "arn:aws:elasticloadbalancing:eu-west-1:162193915932:loadbalancer/app/github-complete/c4e6024aacf028c2",
            "idle_timeout": 60,
            "internal": false,
            "ip_address_type": "ipv4",
            "load_balancer_type": "application",
            "name": "github-complete",
            "name_prefix": null,
            "security_groups": [
              "sg-02400d1b00a7067e7",
              "sg-09457112906412109"
            ],
            "subnet_mapping": [
              {
                "allocation_id": "",
                "ipv6_address": "",
                "outpost_id": "",
                "private_ipv4_address": "",
                "subnet_id": "subnet-04c9f8bf24abbc9cf"
              },
              {
                "allocation_id": "",
                "ipv6_address": "",
                "outpost_id": "",
                "private_ipv4_address": "",
                "subnet_id": "subnet-072245edf48b038e9"
              },
              {
                "allocation_id": "",
                "ipv6_address": "",
                "outpost_id": "",
                "private_ipv4_address": "",
                "subnet_id": "subnet-08171a19afdceb7d0"
              }
            ],
            "subnets": [
              "subnet-04c9f8bf24abbc9cf",
              "subnet-072245edf48b038e9",
              "subnet-08171a19afdceb7d0"
            ],
            "tags": {
              "Environment": "dev",
              "Name": "github-complete",
              "Owner": "user"
            },
            "tags_all": {
              "Environment": "dev",
              "Name": "github-complete",
              "Owner": "user"
            },
            "timeouts": {
              "create": "10m",
              "delete": "10m",
              "update": "10m"
            },
            "vpc_id": "vpc-052e77223b8574293",
            "zone_id": "Z32O12XQLNTSW2"
          },
          "sensitive_attributes": [],
          "private": "eyJlMmJmYjczMC1lY2FhLTExZTYtOGY4OC0zNDM2M2JjN2M0YzAiOnsiY3JlYXRlIjo2MDAwMDAwMDAwMDAsImRlbGV0ZSI6NjAwMDAwMDAwMDAwLCJ1cGRhdGUiOjYwMDAwMDAwMDAwMH19",
          "dependencies": [
            "data.aws_caller_identity.current",
            "data.aws_elb_service_account.current",
            "data.aws_iam_policy_document.atlantis_access_log_bucket_policy",
            "data.aws_region.current",
            "module.atlantis.module.alb_http_sg.module.sg.aws_security_group.this",
            "module.atlantis.module.alb_http_sg.module.sg.aws_security_group.this_name_prefix",
            "module.atlantis.module.alb_https_sg.module.sg.aws_security_group.this",
            "module.atlantis.module.alb_https_sg.module.sg.aws_security_group.this_name_prefix",
            "module.atlantis.module.vpc.aws_subnet.public",
            "module.atlantis.module.vpc.aws_vpc.this",
            "module.atlantis.module.vpc.aws_vpc_ipv4_cidr_block_association.this",
            "module.atlantis_access_log_bucket.aws_s3_bucket.this",
            "module.atlantis_access_log_bucket.aws_s3_bucket_policy.this",
            "module.atlantis_access_log_bucket.data.aws_iam_policy_document.combined",
            "module.atlantis_access_log_bucket.data.aws_iam_policy_document.deny_insecure_transport",
            "module.atlantis_access_log_bucket.data.aws_iam_policy_document.elb_log_delivery",
            "module.atlantis_access_log_bucket.data.aws_iam_policy_document.lb_log_delivery"
          ]
        }
      ]
    },
    {
      "module": "module.atlantis.module.alb",
      "mode": "managed",
      "type": "aws_lb_listener",
      "name": "frontend_http_tcp",
      "provider": "provider[\"registry.terraform.io/hashicorp/aws\"]",
      "instances": [
        {
          "index_key": 0,
          "schema_version": 0,
          "attributes": {
            "alpn_policy": null,
            "arn": "arn:aws:elasticloadbalancing:eu-west-1:162193915932:listener/app/github-complete/c4e6024aacf028c2/b240ec4c618dd9b1",
            "certificate_arn": null,
            "default_action": [
              {
                "authenticate_cognito": [],
                "authenticate_oidc": [],
                "fixed_response": [],
                "forward": [],
                "order": 1,
                "redirect": [
                  {
                    "host": "#{host}",
                    "path": "/#{path}",
                    "port": "443",
                    "protocol": "HTTPS",
                    "query": "#{query}",
                    "status_code": "HTTP_301"
                  }
                ],
                "target_group_arn": "",
                "type": "redirect"
              }
            ],
            "id": "arn:aws:elasticloadbalancing:eu-west-1:162193915932:listener/app/github-complete/c4e6024aacf028c2/b240ec4c618dd9b1",
            "load_balancer_arn": "arn:aws:elasticloadbalancing:eu-west-1:162193915932:loadbalancer/app/github-complete/c4e6024aacf028c2",
            "port": 80,
            "protocol": "HTTP",
            "ssl_policy": "",
            "tags": {
              "Environment": "dev",
              "Name": "github-complete",
              "Owner": "user"
            },
            "tags_all": {
              "Environment": "dev",
              "Name": "github-complete",
              "Owner": "user"
            },
            "timeouts": null
          },
          "sensitive_attributes": [],
          "private": "eyJlMmJmYjczMC1lY2FhLTExZTYtOGY4OC0zNDM2M2JjN2M0YzAiOnsicmVhZCI6NjAwMDAwMDAwMDAwfX0=",
          "dependencies": [
            "data.aws_caller_identity.current",
            "data.aws_elb_service_account.current",
            "data.aws_iam_policy_document.atlantis_access_log_bucket_policy",
            "data.aws_region.current",
            "module.atlantis.module.alb.aws_lb.this",
            "module.atlantis.module.alb.aws_lb_target_group.main",
            "module.atlantis.module.alb_http_sg.module.sg.aws_security_group.this",
            "module.atlantis.module.alb_http_sg.module.sg.aws_security_group.this_name_prefix",
            "module.atlantis.module.alb_https_sg.module.sg.aws_security_group.this",
            "module.atlantis.module.alb_https_sg.module.sg.aws_security_group.this_name_prefix",
            "module.atlantis.module.vpc.aws_subnet.public",
            "module.atlantis.module.vpc.aws_vpc.this",
            "module.atlantis.module.vpc.aws_vpc_ipv4_cidr_block_association.this",
            "module.atlantis_access_log_bucket.aws_s3_bucket.this",
            "module.atlantis_access_log_bucket.aws_s3_bucket_policy.this",
            "module.atlantis_access_log_bucket.data.aws_iam_policy_document.combined",
            "module.atlantis_access_log_bucket.data.aws_iam_policy_document.deny_insecure_transport",
            "module.atlantis_access_log_bucket.data.aws_iam_policy_document.elb_log_delivery",
            "module.atlantis_access_log_bucket.data.aws_iam_policy_document.lb_log_delivery"
          ]
        }
      ]
    },
    {
      "module": "module.atlantis.module.alb",
      "mode": "managed",
      "type": "aws_lb_target_group",
      "name": "main",
      "provider": "provider[\"registry.terraform.io/hashicorp/aws\"]",
      "instances": [
        {
          "index_key": 0,
          "schema_version": 0,
          "attributes": {
            "arn": "arn:aws:elasticloadbalancing:eu-west-1:162193915932:targetgroup/github-complete/3c4e4d6d30dda13b",
            "arn_suffix": "targetgroup/github-complete/3c4e4d6d30dda13b",
            "deregistration_delay": "10",
            "health_check": [
              {
                "enabled": true,
                "healthy_threshold": 5,
                "interval": 30,
                "matcher": "200",
                "path": "/",
                "port": "traffic-port",
                "protocol": "HTTP",
                "timeout": 5,
                "unhealthy_threshold": 2
              }
            ],
            "id": "arn:aws:elasticloadbalancing:eu-west-1:162193915932:targetgroup/github-complete/3c4e4d6d30dda13b",
            "lambda_multi_value_headers_enabled": false,
            "load_balancing_algorithm_type": "round_robin",
            "name": "github-complete",
            "name_prefix": null,
            "port": 4141,
            "preserve_client_ip": null,
            "protocol": "HTTP",
            "protocol_version": "HTTP1",
            "proxy_protocol_v2": false,
            "slow_start": 0,
            "stickiness": [
              {
                "cookie_duration": 86400,
                "cookie_name": "",
                "enabled": false,
                "type": "lb_cookie"
              }
            ],
            "tags": {
              "Environment": "dev",
              "Name": "github-complete",
              "Owner": "user"
            },
            "tags_all": {
              "Environment": "dev",
              "Name": "github-complete",
              "Owner": "user"
            },
            "target_type": "ip",
            "vpc_id": "vpc-052e77223b8574293"
          },
          "sensitive_attributes": [],
          "private": "bnVsbA==",
          "dependencies": [
            "module.atlantis.module.vpc.aws_vpc.this"
          ],
          "create_before_destroy": true
        }
      ]
    },
    {
      "module": "module.atlantis.module.alb_http_sg.module.sg",
      "mode": "managed",
      "type": "aws_security_group",
      "name": "this_name_prefix",
      "provider": "provider[\"registry.terraform.io/hashicorp/aws\"]",
      "instances": [
        {
          "index_key": 0,
          "schema_version": 1,
          "attributes": {
            "arn": "arn:aws:ec2:eu-west-1:162193915932:security-group/sg-02400d1b00a7067e7",
            "description": "Security group with HTTP ports open for specific IPv4 CIDR block (or everybody), egress ports are all world open",
            "egress": [],
            "id": "sg-02400d1b00a7067e7",
            "ingress": [],
            "name": "github-complete-alb-http-20211031224323494800000004",
            "name_prefix": "github-complete-alb-http-",
            "owner_id": "162193915932",
            "revoke_rules_on_delete": false,
            "tags": {
              "Environment": "dev",
              "Name": "github-complete",
              "Owner": "user"
            },
            "tags_all": {
              "Environment": "dev",
              "Name": "github-complete",
              "Owner": "user"
            },
            "timeouts": null,
            "vpc_id": "vpc-052e77223b8574293"
          },
          "sensitive_attributes": [],
          "private": "eyJlMmJmYjczMC1lY2FhLTExZTYtOGY4OC0zNDM2M2JjN2M0YzAiOnsiY3JlYXRlIjo2MDAwMDAwMDAwMDAsImRlbGV0ZSI6OTAwMDAwMDAwMDAwfSwic2NoZW1hX3ZlcnNpb24iOiIxIn0=",
          "dependencies": [
            "module.atlantis.module.vpc.aws_vpc.this"
          ],
          "create_before_destroy": true
        }
      ]
    },
    {
      "module": "module.atlantis.module.alb_http_sg.module.sg",
      "mode": "managed",
      "type": "aws_security_group_rule",
      "name": "egress_rules",
      "provider": "provider[\"registry.terraform.io/hashicorp/aws\"]",
      "instances": [
        {
          "index_key": 0,
          "schema_version": 2,
          "attributes": {
            "cidr_blocks": [
              "0.0.0.0/0"
            ],
            "description": "All protocols",
            "from_port": -1,
            "id": "sgrule-2288362933",
            "ipv6_cidr_blocks": [
              "::/0"
            ],
            "prefix_list_ids": [],
            "protocol": "-1",
            "security_group_id": "sg-02400d1b00a7067e7",
            "self": false,
            "source_security_group_id": null,
            "to_port": -1,
            "type": "egress"
          },
          "sensitive_attributes": [],
          "private": "eyJzY2hlbWFfdmVyc2lvbiI6IjIifQ==",
          "dependencies": [
            "module.atlantis.module.alb_http_sg.module.sg.aws_security_group.this",
            "module.atlantis.module.alb_http_sg.module.sg.aws_security_group.this_name_prefix",
            "module.atlantis.module.vpc.aws_vpc.this"
          ]
        }
      ]
    },
    {
      "module": "module.atlantis.module.alb_http_sg.module.sg",
      "mode": "managed",
      "type": "aws_security_group_rule",
      "name": "ingress_rules",
      "provider": "provider[\"registry.terraform.io/hashicorp/aws\"]",
      "instances": [
        {
          "index_key": 0,
          "schema_version": 2,
          "attributes": {
            "cidr_blocks": [
              "140.82.112.0/20",
              "143.55.64.0/20",
              "185.199.108.0/22",
              "192.30.252.0/22",
              "62.65.197.60/32"
            ],
            "description": "HTTP",
            "from_port": 80,
            "id": "sgrule-1199917350",
            "ipv6_cidr_blocks": [],
            "prefix_list_ids": [],
            "protocol": "tcp",
            "security_group_id": "sg-02400d1b00a7067e7",
            "self": false,
            "source_security_group_id": null,
            "to_port": 80,
            "type": "ingress"
          },
          "sensitive_attributes": [],
          "private": "eyJzY2hlbWFfdmVyc2lvbiI6IjIifQ==",
          "dependencies": [
            "module.atlantis.module.alb_http_sg.module.sg.aws_security_group.this",
            "module.atlantis.module.alb_http_sg.module.sg.aws_security_group.this_name_prefix",
            "module.atlantis.module.vpc.aws_vpc.this"
          ]
        }
      ]
    },
    {
      "module": "module.atlantis.module.alb_http_sg.module.sg",
      "mode": "managed",
      "type": "aws_security_group_rule",
      "name": "ingress_with_self",
      "provider": "provider[\"registry.terraform.io/hashicorp/aws\"]",
      "instances": [
        {
          "index_key": 0,
          "schema_version": 2,
          "attributes": {
            "cidr_blocks": null,
            "description": "Ingress Rule",
            "from_port": -1,
            "id": "sgrule-3479922550",
            "ipv6_cidr_blocks": null,
            "prefix_list_ids": [],
            "protocol": "-1",
            "security_group_id": "sg-02400d1b00a7067e7",
            "self": true,
            "source_security_group_id": null,
            "to_port": -1,
            "type": "ingress"
          },
          "sensitive_attributes": [],
          "private": "eyJzY2hlbWFfdmVyc2lvbiI6IjIifQ==",
          "dependencies": [
            "module.atlantis.module.alb_http_sg.module.sg.aws_security_group.this",
            "module.atlantis.module.alb_http_sg.module.sg.aws_security_group.this_name_prefix",
            "module.atlantis.module.vpc.aws_vpc.this"
          ]
        }
      ]
    },
    {
      "module": "module.atlantis.module.alb_https_sg.module.sg",
      "mode": "managed",
      "type": "aws_security_group",
      "name": "this_name_prefix",
      "provider": "provider[\"registry.terraform.io/hashicorp/aws\"]",
      "instances": [
        {
          "index_key": 0,
          "schema_version": 1,
          "attributes": {
            "arn": "arn:aws:ec2:eu-west-1:162193915932:security-group/sg-09457112906412109",
            "description": "Security group with HTTPS ports open for specific IPv4 CIDR block (or everybody), egress ports are all world open",
            "egress": [],
            "id": "sg-09457112906412109",
            "ingress": [],
            "name": "github-complete-alb-https-20211031224325177100000005",
            "name_prefix": "github-complete-alb-https-",
            "owner_id": "162193915932",
            "revoke_rules_on_delete": false,
            "tags": {
              "Environment": "dev",
              "Name": "github-complete",
              "Owner": "user"
            },
            "tags_all": {
              "Environment": "dev",
              "Name": "github-complete",
              "Owner": "user"
            },
            "timeouts": null,
            "vpc_id": "vpc-052e77223b8574293"
          },
          "sensitive_attributes": [],
          "private": "eyJlMmJmYjczMC1lY2FhLTExZTYtOGY4OC0zNDM2M2JjN2M0YzAiOnsiY3JlYXRlIjo2MDAwMDAwMDAwMDAsImRlbGV0ZSI6OTAwMDAwMDAwMDAwfSwic2NoZW1hX3ZlcnNpb24iOiIxIn0=",
          "dependencies": [
            "module.atlantis.module.vpc.aws_vpc.this"
          ],
          "create_before_destroy": true
        }
      ]
    },
    {
      "module": "module.atlantis.module.alb_https_sg.module.sg",
      "mode": "managed",
      "type": "aws_security_group_rule",
      "name": "egress_rules",
      "provider": "provider[\"registry.terraform.io/hashicorp/aws\"]",
      "instances": [
        {
          "index_key": 0,
          "schema_version": 2,
          "attributes": {
            "cidr_blocks": [
              "0.0.0.0/0"
            ],
            "description": "All protocols",
            "from_port": -1,
            "id": "sgrule-3678060901",
            "ipv6_cidr_blocks": [
              "::/0"
            ],
            "prefix_list_ids": [],
            "protocol": "-1",
            "security_group_id": "sg-09457112906412109",
            "self": false,
            "source_security_group_id": null,
            "to_port": -1,
            "type": "egress"
          },
          "sensitive_attributes": [],
          "private": "eyJzY2hlbWFfdmVyc2lvbiI6IjIifQ==",
          "dependencies": [
            "module.atlantis.module.alb_https_sg.module.sg.aws_security_group.this",
            "module.atlantis.module.alb_https_sg.module.sg.aws_security_group.this_name_prefix",
            "module.atlantis.module.vpc.aws_vpc.this"
          ]
        }
      ]
    },
    {
      "module": "module.atlantis.module.alb_https_sg.module.sg",
      "mode": "managed",
      "type": "aws_security_group_rule",
      "name": "ingress_rules",
      "provider": "provider[\"registry.terraform.io/hashicorp/aws\"]",
      "instances": [
        {
          "index_key": 0,
          "schema_version": 2,
          "attributes": {
            "cidr_blocks": [
              "140.82.112.0/20",
              "143.55.64.0/20",
              "185.199.108.0/22",
              "192.30.252.0/22",
              "62.65.197.60/32"
            ],
            "description": "HTTPS",
            "from_port": 443,
            "id": "sgrule-3706716831",
            "ipv6_cidr_blocks": [],
            "prefix_list_ids": [],
            "protocol": "tcp",
            "security_group_id": "sg-09457112906412109",
            "self": false,
            "source_security_group_id": null,
            "to_port": 443,
            "type": "ingress"
          },
          "sensitive_attributes": [],
          "private": "eyJzY2hlbWFfdmVyc2lvbiI6IjIifQ==",
          "dependencies": [
            "module.atlantis.module.alb_https_sg.module.sg.aws_security_group.this",
            "module.atlantis.module.alb_https_sg.module.sg.aws_security_group.this_name_prefix",
            "module.atlantis.module.vpc.aws_vpc.this"
          ]
        }
      ]
    },
    {
      "module": "module.atlantis.module.alb_https_sg.module.sg",
      "mode": "managed",
      "type": "aws_security_group_rule",
      "name": "ingress_with_self",
      "provider": "provider[\"registry.terraform.io/hashicorp/aws\"]",
      "instances": [
        {
          "index_key": 0,
          "schema_version": 2,
          "attributes": {
            "cidr_blocks": null,
            "description": "Ingress Rule",
            "from_port": -1,
            "id": "sgrule-279073658",
            "ipv6_cidr_blocks": null,
            "prefix_list_ids": [],
            "protocol": "-1",
            "security_group_id": "sg-09457112906412109",
            "self": true,
            "source_security_group_id": null,
            "to_port": -1,
            "type": "ingress"
          },
          "sensitive_attributes": [],
          "private": "eyJzY2hlbWFfdmVyc2lvbiI6IjIifQ==",
          "dependencies": [
            "module.atlantis.module.alb_https_sg.module.sg.aws_security_group.this",
            "module.atlantis.module.alb_https_sg.module.sg.aws_security_group.this_name_prefix",
            "module.atlantis.module.vpc.aws_vpc.this"
          ]
        }
      ]
    },
    {
      "module": "module.atlantis.module.atlantis_sg",
      "mode": "managed",
      "type": "aws_security_group",
      "name": "this_name_prefix",
      "provider": "provider[\"registry.terraform.io/hashicorp/aws\"]",
      "instances": [
        {
          "index_key": 0,
          "schema_version": 1,
          "attributes": {
            "arn": "arn:aws:ec2:eu-west-1:162193915932:security-group/sg-0adfeacfed723c919",
            "description": "Security group with open port for Atlantis (4141) from ALB, egress ports are all world open",
            "egress": [],
            "id": "sg-0adfeacfed723c919",
            "ingress": [],
            "name": "github-complete-20211031224323372200000003",
            "name_prefix": "github-complete-",
            "owner_id": "162193915932",
            "revoke_rules_on_delete": false,
            "tags": {
              "Environment": "dev",
              "Name": "github-complete",
              "Owner": "user"
            },
            "tags_all": {
              "Environment": "dev",
              "Name": "github-complete",
              "Owner": "user"
            },
            "timeouts": null,
            "vpc_id": "vpc-052e77223b8574293"
          },
          "sensitive_attributes": [],
          "private": "eyJlMmJmYjczMC1lY2FhLTExZTYtOGY4OC0zNDM2M2JjN2M0YzAiOnsiY3JlYXRlIjo2MDAwMDAwMDAwMDAsImRlbGV0ZSI6OTAwMDAwMDAwMDAwfSwic2NoZW1hX3ZlcnNpb24iOiIxIn0=",
          "dependencies": [
            "module.atlantis.module.vpc.aws_vpc.this"
          ],
          "create_before_destroy": true
        }
      ]
    },
    {
      "module": "module.atlantis.module.atlantis_sg",
      "mode": "managed",
      "type": "aws_security_group_rule",
      "name": "egress_rules",
      "provider": "provider[\"registry.terraform.io/hashicorp/aws\"]",
      "instances": [
        {
          "index_key": 0,
          "schema_version": 2,
          "attributes": {
            "cidr_blocks": [
              "0.0.0.0/0"
            ],
            "description": "All protocols",
            "from_port": -1,
            "id": "sgrule-3807118749",
            "ipv6_cidr_blocks": [
              "::/0"
            ],
            "prefix_list_ids": [],
            "protocol": "-1",
            "security_group_id": "sg-0adfeacfed723c919",
            "self": false,
            "source_security_group_id": null,
            "to_port": -1,
            "type": "egress"
          },
          "sensitive_attributes": [],
          "private": "eyJzY2hlbWFfdmVyc2lvbiI6IjIifQ==",
          "dependencies": [
            "module.atlantis.module.atlantis_sg.aws_security_group.this",
            "module.atlantis.module.atlantis_sg.aws_security_group.this_name_prefix",
            "module.atlantis.module.vpc.aws_vpc.this"
          ]
        }
      ]
    },
    {
      "module": "module.atlantis.module.atlantis_sg",
      "mode": "managed",
      "type": "aws_security_group_rule",
      "name": "ingress_with_source_security_group_id",
      "provider": "provider[\"registry.terraform.io/hashicorp/aws\"]",
      "instances": [
        {
          "index_key": 0,
          "schema_version": 2,
          "attributes": {
            "cidr_blocks": null,
            "description": "Atlantis",
            "from_port": 4141,
            "id": "sgrule-3461339849",
            "ipv6_cidr_blocks": null,
            "prefix_list_ids": [],
            "protocol": "tcp",
            "security_group_id": "sg-0adfeacfed723c919",
            "self": false,
            "source_security_group_id": "sg-09457112906412109",
            "to_port": 4141,
            "type": "ingress"
          },
          "sensitive_attributes": [],
          "private": "eyJzY2hlbWFfdmVyc2lvbiI6IjIifQ==",
          "dependencies": [
            "module.atlantis.module.alb_https_sg.module.sg.aws_security_group.this",
            "module.atlantis.module.alb_https_sg.module.sg.aws_security_group.this_name_prefix",
            "module.atlantis.module.atlantis_sg.aws_security_group.this",
            "module.atlantis.module.atlantis_sg.aws_security_group.this_name_prefix",
            "module.atlantis.module.vpc.aws_vpc.this"
          ]
        }
      ]
    },
    {
      "module": "module.atlantis.module.ecs",
      "mode": "managed",
      "type": "aws_ecs_cluster",
      "name": "this",
      "provider": "provider[\"registry.terraform.io/hashicorp/aws\"]",
      "instances": [
        {
          "index_key": 0,
          "schema_version": 0,
          "attributes": {
            "arn": "arn:aws:ecs:eu-west-1:162193915932:cluster/github-complete",
            "capacity_providers": [
              "FARGATE",
              "FARGATE_SPOT"
            ],
            "configuration": [],
            "default_capacity_provider_strategy": [
              {
                "base": null,
                "capacity_provider": "FARGATE",
                "weight": null
              }
            ],
            "id": "arn:aws:ecs:eu-west-1:162193915932:cluster/github-complete",
            "name": "github-complete",
            "setting": [
              {
                "name": "containerInsights",
                "value": "enabled"
              }
            ],
            "tags": {
              "Environment": "dev",
              "Name": "github-complete",
              "Owner": "user"
            },
            "tags_all": {
              "Environment": "dev",
              "Name": "github-complete",
              "Owner": "user"
            }
          },
          "sensitive_attributes": [],
          "private": "bnVsbA=="
        }
      ]
    },
    {
      "module": "module.atlantis.module.vpc",
      "mode": "managed",
      "type": "aws_eip",
      "name": "nat",
      "provider": "provider[\"registry.terraform.io/hashicorp/aws\"]",
      "instances": [
        {
          "index_key": 0,
          "schema_version": 0,
          "attributes": {
            "address": null,
            "allocation_id": null,
            "associate_with_private_ip": null,
            "association_id": "",
            "carrier_ip": "",
            "customer_owned_ip": "",
            "customer_owned_ipv4_pool": "",
            "domain": "vpc",
            "id": "eipalloc-04430cbc973c7fdd3",
            "instance": "",
            "network_border_group": "eu-west-1",
            "network_interface": "",
            "private_dns": null,
            "private_ip": "",
            "public_dns": "ec2-52-210-54-217.eu-west-1.compute.amazonaws.com",
            "public_ip": "52.210.54.217",
            "public_ipv4_pool": "amazon",
            "tags": {
              "Environment": "dev",
              "Name": "github-complete",
              "Owner": "user"
            },
            "tags_all": {
              "Environment": "dev",
              "Name": "github-complete",
              "Owner": "user"
            },
            "timeouts": null,
            "vpc": true
          },
          "sensitive_attributes": [],
          "private": "eyJlMmJmYjczMC1lY2FhLTExZTYtOGY4OC0zNDM2M2JjN2M0YzAiOnsiZGVsZXRlIjoxODAwMDAwMDAwMDAsInJlYWQiOjkwMDAwMDAwMDAwMCwidXBkYXRlIjozMDAwMDAwMDAwMDB9fQ=="
        }
      ]
    },
    {
      "module": "module.atlantis.module.vpc",
      "mode": "managed",
      "type": "aws_internet_gateway",
      "name": "this",
      "provider": "provider[\"registry.terraform.io/hashicorp/aws\"]",
      "instances": [
        {
          "index_key": 0,
          "schema_version": 0,
          "attributes": {
            "arn": "arn:aws:ec2:eu-west-1:162193915932:internet-gateway/igw-051aa32a9a3cc56b5",
            "id": "igw-051aa32a9a3cc56b5",
            "owner_id": "162193915932",
            "tags": {
              "Environment": "dev",
              "Name": "github-complete",
              "Owner": "user"
            },
            "tags_all": {
              "Environment": "dev",
              "Name": "github-complete",
              "Owner": "user"
            },
            "vpc_id": "vpc-052e77223b8574293"
          },
          "sensitive_attributes": [],
          "private": "bnVsbA==",
          "dependencies": [
            "module.atlantis.module.vpc.aws_vpc.this",
            "module.atlantis.module.vpc.aws_vpc_ipv4_cidr_block_association.this"
          ]
        }
      ]
    },
    {
      "module": "module.atlantis.module.vpc",
      "mode": "managed",
      "type": "aws_nat_gateway",
      "name": "this",
      "provider": "provider[\"registry.terraform.io/hashicorp/aws\"]",
      "instances": [
        {
          "index_key": 0,
          "schema_version": 0,
          "attributes": {
            "allocation_id": "eipalloc-04430cbc973c7fdd3",
            "connectivity_type": "public",
            "id": "nat-09844f4d14b5df9c0",
            "network_interface_id": "eni-0a35cfc00f9751b27",
            "private_ip": "10.20.101.7",
            "public_ip": "52.210.54.217",
            "subnet_id": "subnet-072245edf48b038e9",
            "tags": {
              "Environment": "dev",
              "Name": "github-complete",
              "Owner": "user"
            },
            "tags_all": {
              "Environment": "dev",
              "Name": "github-complete",
              "Owner": "user"
            }
          },
          "sensitive_attributes": [],
          "private": "bnVsbA==",
          "dependencies": [
            "module.atlantis.module.vpc.aws_eip.nat",
            "module.atlantis.module.vpc.aws_internet_gateway.this",
            "module.atlantis.module.vpc.aws_subnet.public",
            "module.atlantis.module.vpc.aws_vpc.this",
            "module.atlantis.module.vpc.aws_vpc_ipv4_cidr_block_association.this"
          ]
        }
      ]
    },
    {
      "module": "module.atlantis.module.vpc",
      "mode": "managed",
      "type": "aws_route",
      "name": "private_nat_gateway",
      "provider": "provider[\"registry.terraform.io/hashicorp/aws\"]",
      "instances": [
        {
          "index_key": 0,
          "schema_version": 0,
          "attributes": {
            "carrier_gateway_id": "",
            "destination_cidr_block": "0.0.0.0/0",
            "destination_ipv6_cidr_block": "",
            "destination_prefix_list_id": "",
            "egress_only_gateway_id": "",
            "gateway_id": "",
            "id": "r-rtb-0b4977e5fd089d8771080289494",
            "instance_id": "",
            "instance_owner_id": "",
            "local_gateway_id": "",
            "nat_gateway_id": "nat-09844f4d14b5df9c0",
            "network_interface_id": "",
            "origin": "CreateRoute",
            "route_table_id": "rtb-0b4977e5fd089d877",
            "state": "active",
            "timeouts": {
              "create": "5m",
              "delete": null,
              "update": null
            },
            "transit_gateway_id": "",
            "vpc_endpoint_id": "",
            "vpc_peering_connection_id": ""
          },
          "sensitive_attributes": [],
          "private": "eyJlMmJmYjczMC1lY2FhLTExZTYtOGY4OC0zNDM2M2JjN2M0YzAiOnsiY3JlYXRlIjozMDAwMDAwMDAwMDAsImRlbGV0ZSI6MzAwMDAwMDAwMDAwLCJ1cGRhdGUiOjEyMDAwMDAwMDAwMH19",
          "dependencies": [
            "module.atlantis.module.vpc.aws_eip.nat",
            "module.atlantis.module.vpc.aws_internet_gateway.this",
            "module.atlantis.module.vpc.aws_nat_gateway.this",
            "module.atlantis.module.vpc.aws_route_table.private",
            "module.atlantis.module.vpc.aws_subnet.public",
            "module.atlantis.module.vpc.aws_vpc.this",
            "module.atlantis.module.vpc.aws_vpc_ipv4_cidr_block_association.this"
          ]
        }
      ]
    },
    {
      "module": "module.atlantis.module.vpc",
      "mode": "managed",
      "type": "aws_route",
      "name": "public_internet_gateway",
      "provider": "provider[\"registry.terraform.io/hashicorp/aws\"]",
      "instances": [
        {
          "index_key": 0,
          "schema_version": 0,
          "attributes": {
            "carrier_gateway_id": "",
            "destination_cidr_block": "0.0.0.0/0",
            "destination_ipv6_cidr_block": "",
            "destination_prefix_list_id": "",
            "egress_only_gateway_id": "",
            "gateway_id": "igw-051aa32a9a3cc56b5",
            "id": "r-rtb-0bd89369d87d6cc541080289494",
            "instance_id": "",
            "instance_owner_id": "",
            "local_gateway_id": "",
            "nat_gateway_id": "",
            "network_interface_id": "",
            "origin": "CreateRoute",
            "route_table_id": "rtb-0bd89369d87d6cc54",
            "state": "active",
            "timeouts": {
              "create": "5m",
              "delete": null,
              "update": null
            },
            "transit_gateway_id": "",
            "vpc_endpoint_id": "",
            "vpc_peering_connection_id": ""
          },
          "sensitive_attributes": [],
          "private": "eyJlMmJmYjczMC1lY2FhLTExZTYtOGY4OC0zNDM2M2JjN2M0YzAiOnsiY3JlYXRlIjozMDAwMDAwMDAwMDAsImRlbGV0ZSI6MzAwMDAwMDAwMDAwLCJ1cGRhdGUiOjEyMDAwMDAwMDAwMH19",
          "dependencies": [
            "module.atlantis.module.vpc.aws_internet_gateway.this",
            "module.atlantis.module.vpc.aws_route_table.public",
            "module.atlantis.module.vpc.aws_vpc.this",
            "module.atlantis.module.vpc.aws_vpc_ipv4_cidr_block_association.this"
          ]
        }
      ]
    },
    {
      "module": "module.atlantis.module.vpc",
      "mode": "managed",
      "type": "aws_route_table",
      "name": "private",
      "provider": "provider[\"registry.terraform.io/hashicorp/aws\"]",
      "instances": [
        {
          "index_key": 0,
          "schema_version": 0,
          "attributes": {
            "arn": "arn:aws:ec2:eu-west-1:162193915932:route-table/rtb-0b4977e5fd089d877",
            "id": "rtb-0b4977e5fd089d877",
            "owner_id": "162193915932",
            "propagating_vgws": [],
            "route": [],
            "tags": {
              "Environment": "dev",
              "Name": "github-complete",
              "Owner": "user"
            },
            "tags_all": {
              "Environment": "dev",
              "Name": "github-complete",
              "Owner": "user"
            },
            "timeouts": null,
            "vpc_id": "vpc-052e77223b8574293"
          },
          "sensitive_attributes": [],
          "private": "eyJlMmJmYjczMC1lY2FhLTExZTYtOGY4OC0zNDM2M2JjN2M0YzAiOnsiY3JlYXRlIjoxMjAwMDAwMDAwMDAsImRlbGV0ZSI6MzAwMDAwMDAwMDAwLCJ1cGRhdGUiOjEyMDAwMDAwMDAwMH19",
          "dependencies": [
            "module.atlantis.module.vpc.aws_vpc.this",
            "module.atlantis.module.vpc.aws_vpc_ipv4_cidr_block_association.this"
          ]
        }
      ]
    },
    {
      "module": "module.atlantis.module.vpc",
      "mode": "managed",
      "type": "aws_route_table",
      "name": "public",
      "provider": "provider[\"registry.terraform.io/hashicorp/aws\"]",
      "instances": [
        {
          "index_key": 0,
          "schema_version": 0,
          "attributes": {
            "arn": "arn:aws:ec2:eu-west-1:162193915932:route-table/rtb-0bd89369d87d6cc54",
            "id": "rtb-0bd89369d87d6cc54",
            "owner_id": "162193915932",
            "propagating_vgws": [],
            "route": [],
            "tags": {
              "Environment": "dev",
              "Name": "github-complete",
              "Owner": "user"
            },
            "tags_all": {
              "Environment": "dev",
              "Name": "github-complete",
              "Owner": "user"
            },
            "timeouts": null,
            "vpc_id": "vpc-052e77223b8574293"
          },
          "sensitive_attributes": [],
          "private": "eyJlMmJmYjczMC1lY2FhLTExZTYtOGY4OC0zNDM2M2JjN2M0YzAiOnsiY3JlYXRlIjoxMjAwMDAwMDAwMDAsImRlbGV0ZSI6MzAwMDAwMDAwMDAwLCJ1cGRhdGUiOjEyMDAwMDAwMDAwMH19",
          "dependencies": [
            "module.atlantis.module.vpc.aws_vpc.this",
            "module.atlantis.module.vpc.aws_vpc_ipv4_cidr_block_association.this"
          ]
        }
      ]
    },
    {
      "module": "module.atlantis.module.vpc",
      "mode": "managed",
      "type": "aws_route_table_association",
      "name": "private",
      "provider": "provider[\"registry.terraform.io/hashicorp/aws\"]",
      "instances": [
        {
          "index_key": 0,
          "schema_version": 0,
          "attributes": {
            "gateway_id": "",
            "id": "rtbassoc-076fb6c26f90bd26d",
            "route_table_id": "rtb-0b4977e5fd089d877",
            "subnet_id": "subnet-02d65882932656df3"
          },
          "sensitive_attributes": [],
          "private": "bnVsbA==",
          "dependencies": [
            "module.atlantis.module.vpc.aws_route_table.private",
            "module.atlantis.module.vpc.aws_subnet.private",
            "module.atlantis.module.vpc.aws_vpc.this",
            "module.atlantis.module.vpc.aws_vpc_ipv4_cidr_block_association.this"
          ]
        },
        {
          "index_key": 1,
          "schema_version": 0,
          "attributes": {
            "gateway_id": "",
            "id": "rtbassoc-084b6ffba87b68a2b",
            "route_table_id": "rtb-0b4977e5fd089d877",
            "subnet_id": "subnet-0425bba6f5994041f"
          },
          "sensitive_attributes": [],
          "private": "bnVsbA==",
          "dependencies": [
            "module.atlantis.module.vpc.aws_route_table.private",
            "module.atlantis.module.vpc.aws_subnet.private",
            "module.atlantis.module.vpc.aws_vpc.this",
            "module.atlantis.module.vpc.aws_vpc_ipv4_cidr_block_association.this"
          ]
        },
        {
          "index_key": 2,
          "schema_version": 0,
          "attributes": {
            "gateway_id": "",
            "id": "rtbassoc-06bdea726df0add2e",
            "route_table_id": "rtb-0b4977e5fd089d877",
            "subnet_id": "subnet-05179fae4eeb43c37"
          },
          "sensitive_attributes": [],
          "private": "bnVsbA==",
          "dependencies": [
            "module.atlantis.module.vpc.aws_route_table.private",
            "module.atlantis.module.vpc.aws_subnet.private",
            "module.atlantis.module.vpc.aws_vpc.this",
            "module.atlantis.module.vpc.aws_vpc_ipv4_cidr_block_association.this"
          ]
        }
      ]
    },
    {
      "module": "module.atlantis.module.vpc",
      "mode": "managed",
      "type": "aws_route_table_association",
      "name": "public",
      "provider": "provider[\"registry.terraform.io/hashicorp/aws\"]",
      "instances": [
        {
          "index_key": 0,
          "schema_version": 0,
          "attributes": {
            "gateway_id": "",
            "id": "rtbassoc-0ddc248f447de4d39",
            "route_table_id": "rtb-0bd89369d87d6cc54",
            "subnet_id": "subnet-072245edf48b038e9"
          },
          "sensitive_attributes": [],
          "private": "bnVsbA==",
          "dependencies": [
            "module.atlantis.module.vpc.aws_route_table.public",
            "module.atlantis.module.vpc.aws_subnet.public",
            "module.atlantis.module.vpc.aws_vpc.this",
            "module.atlantis.module.vpc.aws_vpc_ipv4_cidr_block_association.this"
          ]
        },
        {
          "index_key": 1,
          "schema_version": 0,
          "attributes": {
            "gateway_id": "",
            "id": "rtbassoc-0a12e109622097d81",
            "route_table_id": "rtb-0bd89369d87d6cc54",
            "subnet_id": "subnet-04c9f8bf24abbc9cf"
          },
          "sensitive_attributes": [],
          "private": "bnVsbA==",
          "dependencies": [
            "module.atlantis.module.vpc.aws_route_table.public",
            "module.atlantis.module.vpc.aws_subnet.public",
            "module.atlantis.module.vpc.aws_vpc.this",
            "module.atlantis.module.vpc.aws_vpc_ipv4_cidr_block_association.this"
          ]
        },
        {
          "index_key": 2,
          "schema_version": 0,
          "attributes": {
            "gateway_id": "",
            "id": "rtbassoc-0500f67952a1ccb21",
            "route_table_id": "rtb-0bd89369d87d6cc54",
            "subnet_id": "subnet-08171a19afdceb7d0"
          },
          "sensitive_attributes": [],
          "private": "bnVsbA==",
          "dependencies": [
            "module.atlantis.module.vpc.aws_route_table.public",
            "module.atlantis.module.vpc.aws_subnet.public",
            "module.atlantis.module.vpc.aws_vpc.this",
            "module.atlantis.module.vpc.aws_vpc_ipv4_cidr_block_association.this"
          ]
        }
      ]
    },
    {
      "module": "module.atlantis.module.vpc",
      "mode": "managed",
      "type": "aws_subnet",
      "name": "private",
      "provider": "provider[\"registry.terraform.io/hashicorp/aws\"]",
      "instances": [
        {
          "index_key": 0,
          "schema_version": 1,
          "attributes": {
            "arn": "arn:aws:ec2:eu-west-1:162193915932:subnet/subnet-02d65882932656df3",
            "assign_ipv6_address_on_creation": false,
            "availability_zone": "eu-west-1a",
            "availability_zone_id": "euw1-az2",
            "cidr_block": "10.20.1.0/24",
            "customer_owned_ipv4_pool": "",
            "id": "subnet-02d65882932656df3",
            "ipv6_cidr_block": "",
            "ipv6_cidr_block_association_id": "",
            "map_customer_owned_ip_on_launch": false,
            "map_public_ip_on_launch": false,
            "outpost_arn": "",
            "owner_id": "162193915932",
            "tags": {
              "Environment": "dev",
              "Name": "github-complete",
              "Owner": "user"
            },
            "tags_all": {
              "Environment": "dev",
              "Name": "github-complete",
              "Owner": "user"
            },
            "timeouts": null,
            "vpc_id": "vpc-052e77223b8574293"
          },
          "sensitive_attributes": [],
          "private": "eyJlMmJmYjczMC1lY2FhLTExZTYtOGY4OC0zNDM2M2JjN2M0YzAiOnsiY3JlYXRlIjo2MDAwMDAwMDAwMDAsImRlbGV0ZSI6MTIwMDAwMDAwMDAwMH0sInNjaGVtYV92ZXJzaW9uIjoiMSJ9",
          "dependencies": [
            "module.atlantis.module.vpc.aws_vpc.this",
            "module.atlantis.module.vpc.aws_vpc_ipv4_cidr_block_association.this"
          ]
        },
        {
          "index_key": 1,
          "schema_version": 1,
          "attributes": {
            "arn": "arn:aws:ec2:eu-west-1:162193915932:subnet/subnet-0425bba6f5994041f",
            "assign_ipv6_address_on_creation": false,
            "availability_zone": "eu-west-1b",
            "availability_zone_id": "euw1-az3",
            "cidr_block": "10.20.2.0/24",
            "customer_owned_ipv4_pool": "",
            "id": "subnet-0425bba6f5994041f",
            "ipv6_cidr_block": "",
            "ipv6_cidr_block_association_id": "",
            "map_customer_owned_ip_on_launch": false,
            "map_public_ip_on_launch": false,
            "outpost_arn": "",
            "owner_id": "162193915932",
            "tags": {
              "Environment": "dev",
              "Name": "github-complete",
              "Owner": "user"
            },
            "tags_all": {
              "Environment": "dev",
              "Name": "github-complete",
              "Owner": "user"
            },
            "timeouts": null,
            "vpc_id": "vpc-052e77223b8574293"
          },
          "sensitive_attributes": [],
          "private": "eyJlMmJmYjczMC1lY2FhLTExZTYtOGY4OC0zNDM2M2JjN2M0YzAiOnsiY3JlYXRlIjo2MDAwMDAwMDAwMDAsImRlbGV0ZSI6MTIwMDAwMDAwMDAwMH0sInNjaGVtYV92ZXJzaW9uIjoiMSJ9",
          "dependencies": [
            "module.atlantis.module.vpc.aws_vpc.this",
            "module.atlantis.module.vpc.aws_vpc_ipv4_cidr_block_association.this"
          ]
        },
        {
          "index_key": 2,
          "schema_version": 1,
          "attributes": {
            "arn": "arn:aws:ec2:eu-west-1:162193915932:subnet/subnet-05179fae4eeb43c37",
            "assign_ipv6_address_on_creation": false,
            "availability_zone": "eu-west-1c",
            "availability_zone_id": "euw1-az1",
            "cidr_block": "10.20.3.0/24",
            "customer_owned_ipv4_pool": "",
            "id": "subnet-05179fae4eeb43c37",
            "ipv6_cidr_block": "",
            "ipv6_cidr_block_association_id": "",
            "map_customer_owned_ip_on_launch": false,
            "map_public_ip_on_launch": false,
            "outpost_arn": "",
            "owner_id": "162193915932",
            "tags": {
              "Environment": "dev",
              "Name": "github-complete",
              "Owner": "user"
            },
            "tags_all": {
              "Environment": "dev",
              "Name": "github-complete",
              "Owner": "user"
            },
            "timeouts": null,
            "vpc_id": "vpc-052e77223b8574293"
          },
          "sensitive_attributes": [],
          "private": "eyJlMmJmYjczMC1lY2FhLTExZTYtOGY4OC0zNDM2M2JjN2M0YzAiOnsiY3JlYXRlIjo2MDAwMDAwMDAwMDAsImRlbGV0ZSI6MTIwMDAwMDAwMDAwMH0sInNjaGVtYV92ZXJzaW9uIjoiMSJ9",
          "dependencies": [
            "module.atlantis.module.vpc.aws_vpc.this",
            "module.atlantis.module.vpc.aws_vpc_ipv4_cidr_block_association.this"
          ]
        }
      ]
    },
    {
      "module": "module.atlantis.module.vpc",
      "mode": "managed",
      "type": "aws_subnet",
      "name": "public",
      "provider": "provider[\"registry.terraform.io/hashicorp/aws\"]",
      "instances": [
        {
          "index_key": 0,
          "schema_version": 1,
          "attributes": {
            "arn": "arn:aws:ec2:eu-west-1:162193915932:subnet/subnet-072245edf48b038e9",
            "assign_ipv6_address_on_creation": false,
            "availability_zone": "eu-west-1a",
            "availability_zone_id": "euw1-az2",
            "cidr_block": "10.20.101.0/24",
            "customer_owned_ipv4_pool": "",
            "id": "subnet-072245edf48b038e9",
            "ipv6_cidr_block": "",
            "ipv6_cidr_block_association_id": "",
            "map_customer_owned_ip_on_launch": false,
            "map_public_ip_on_launch": true,
            "outpost_arn": "",
            "owner_id": "162193915932",
            "tags": {
              "Environment": "dev",
              "Name": "github-complete",
              "Owner": "user"
            },
            "tags_all": {
              "Environment": "dev",
              "Name": "github-complete",
              "Owner": "user"
            },
            "timeouts": null,
            "vpc_id": "vpc-052e77223b8574293"
          },
          "sensitive_attributes": [],
          "private": "eyJlMmJmYjczMC1lY2FhLTExZTYtOGY4OC0zNDM2M2JjN2M0YzAiOnsiY3JlYXRlIjo2MDAwMDAwMDAwMDAsImRlbGV0ZSI6MTIwMDAwMDAwMDAwMH0sInNjaGVtYV92ZXJzaW9uIjoiMSJ9",
          "dependencies": [
            "module.atlantis.module.vpc.aws_vpc.this",
            "module.atlantis.module.vpc.aws_vpc_ipv4_cidr_block_association.this"
          ]
        },
        {
          "index_key": 1,
          "schema_version": 1,
          "attributes": {
            "arn": "arn:aws:ec2:eu-west-1:162193915932:subnet/subnet-04c9f8bf24abbc9cf",
            "assign_ipv6_address_on_creation": false,
            "availability_zone": "eu-west-1b",
            "availability_zone_id": "euw1-az3",
            "cidr_block": "10.20.102.0/24",
            "customer_owned_ipv4_pool": "",
            "id": "subnet-04c9f8bf24abbc9cf",
            "ipv6_cidr_block": "",
            "ipv6_cidr_block_association_id": "",
            "map_customer_owned_ip_on_launch": false,
            "map_public_ip_on_launch": true,
            "outpost_arn": "",
            "owner_id": "162193915932",
            "tags": {
              "Environment": "dev",
              "Name": "github-complete",
              "Owner": "user"
            },
            "tags_all": {
              "Environment": "dev",
              "Name": "github-complete",
              "Owner": "user"
            },
            "timeouts": null,
            "vpc_id": "vpc-052e77223b8574293"
          },
          "sensitive_attributes": [],
          "private": "eyJlMmJmYjczMC1lY2FhLTExZTYtOGY4OC0zNDM2M2JjN2M0YzAiOnsiY3JlYXRlIjo2MDAwMDAwMDAwMDAsImRlbGV0ZSI6MTIwMDAwMDAwMDAwMH0sInNjaGVtYV92ZXJzaW9uIjoiMSJ9",
          "dependencies": [
            "module.atlantis.module.vpc.aws_vpc.this",
            "module.atlantis.module.vpc.aws_vpc_ipv4_cidr_block_association.this"
          ]
        },
        {
          "index_key": 2,
          "schema_version": 1,
          "attributes": {
            "arn": "arn:aws:ec2:eu-west-1:162193915932:subnet/subnet-08171a19afdceb7d0",
            "assign_ipv6_address_on_creation": false,
            "availability_zone": "eu-west-1c",
            "availability_zone_id": "euw1-az1",
            "cidr_block": "10.20.103.0/24",
            "customer_owned_ipv4_pool": "",
            "id": "subnet-08171a19afdceb7d0",
            "ipv6_cidr_block": "",
            "ipv6_cidr_block_association_id": "",
            "map_customer_owned_ip_on_launch": false,
            "map_public_ip_on_launch": true,
            "outpost_arn": "",
            "owner_id": "162193915932",
            "tags": {
              "Environment": "dev",
              "Name": "github-complete",
              "Owner": "user"
            },
            "tags_all": {
              "Environment": "dev",
              "Name": "github-complete",
              "Owner": "user"
            },
            "timeouts": null,
            "vpc_id": "vpc-052e77223b8574293"
          },
          "sensitive_attributes": [],
          "private": "eyJlMmJmYjczMC1lY2FhLTExZTYtOGY4OC0zNDM2M2JjN2M0YzAiOnsiY3JlYXRlIjo2MDAwMDAwMDAwMDAsImRlbGV0ZSI6MTIwMDAwMDAwMDAwMH0sInNjaGVtYV92ZXJzaW9uIjoiMSJ9",
          "dependencies": [
            "module.atlantis.module.vpc.aws_vpc.this",
            "module.atlantis.module.vpc.aws_vpc_ipv4_cidr_block_association.this"
          ]
        }
      ]
    },
    {
      "module": "module.atlantis.module.vpc",
      "mode": "managed",
      "type": "aws_vpc",
      "name": "this",
      "provider": "provider[\"registry.terraform.io/hashicorp/aws\"]",
      "instances": [
        {
          "index_key": 0,
          "schema_version": 1,
          "attributes": {
            "arn": "arn:aws:ec2:eu-west-1:162193915932:vpc/vpc-052e77223b8574293",
            "assign_generated_ipv6_cidr_block": false,
            "cidr_block": "10.20.0.0/16",
            "default_network_acl_id": "acl-09d47dd27885e14ab",
            "default_route_table_id": "rtb-056d1e712de856c17",
            "default_security_group_id": "sg-02117a27e19803aca",
            "dhcp_options_id": "dopt-05e9b219b69c9d286",
            "enable_classiclink": false,
            "enable_classiclink_dns_support": false,
            "enable_dns_hostnames": false,
            "enable_dns_support": true,
            "id": "vpc-052e77223b8574293",
            "instance_tenancy": "default",
            "ipv6_association_id": "",
            "ipv6_cidr_block": "",
            "main_route_table_id": "rtb-056d1e712de856c17",
            "owner_id": "162193915932",
            "tags": {
              "Environment": "dev",
              "Name": "github-complete",
              "Owner": "user"
            },
            "tags_all": {
              "Environment": "dev",
              "Name": "github-complete",
              "Owner": "user"
            }
          },
          "sensitive_attributes": [],
          "private": "eyJzY2hlbWFfdmVyc2lvbiI6IjEifQ==",
          "create_before_destroy": true
        }
      ]
    },
    {
      "module": "module.atlantis_access_log_bucket",
      "mode": "data",
      "type": "aws_iam_policy_document",
      "name": "combined",
      "provider": "provider[\"registry.terraform.io/hashicorp/aws\"]",
      "instances": [
        {
          "index_key": 0,
          "schema_version": 0,
          "attributes": {
            "id": "262803506",
            "json": "{\n  \"Version\": \"2012-10-17\",\n  \"Statement\": [\n    {\n      \"Sid\": \"LogsLogDeliveryWrite\",\n      \"Effect\": \"Allow\",\n      \"Action\": \"s3:PutObject\",\n      \"Resource\": \"arn:aws:s3:::atlantis-access-logs-162193915932-eu-west-1/*/AWSLogs/162193915932/*\",\n      \"Principal\": {\n        \"AWS\": \"arn:aws:iam::156460612806:root\"\n      }\n    },\n    {\n      \"Sid\": \"AWSLogDeliveryWrite\",\n      \"Effect\": \"Allow\",\n      \"Action\": \"s3:PutObject\",\n      \"Resource\": \"arn:aws:s3:::atlantis-access-logs-162193915932-eu-west-1/*/AWSLogs/162193915932/*\",\n      \"Principal\": {\n        \"Service\": \"delivery.logs.amazonaws.com\"\n      },\n      \"Condition\": {\n        \"StringEquals\": {\n          \"s3:x-amz-acl\": [\n            \"bucket-owner-full-control\"\n          ]\n        }\n      }\n    },\n    {\n      \"Sid\": \"AWSLogDeliveryAclCheck\",\n      \"Effect\": \"Allow\",\n      \"Action\": \"s3:GetBucketAcl\",\n      \"Resource\": \"arn:aws:s3:::atlantis-access-logs-162193915932-eu-west-1\",\n      \"Principal\": {\n        \"Service\": \"delivery.logs.amazonaws.com\"\n      }\n    }\n  ]\n}",
            "override_json": null,
            "override_policy_documents": null,
            "policy_id": null,
            "source_json": null,
            "source_policy_documents": [
              "{\n  \"Version\": \"2012-10-17\",\n  \"Statement\": [\n    {\n      \"Sid\": \"LogsLogDeliveryWrite\",\n      \"Effect\": \"Allow\",\n      \"Action\": \"s3:PutObject\",\n      \"Resource\": \"arn:aws:s3:::atlantis-access-logs-162193915932-eu-west-1/*/AWSLogs/162193915932/*\",\n      \"Principal\": {\n        \"AWS\": \"arn:aws:iam::156460612806:root\"\n      }\n    },\n    {\n      \"Sid\": \"AWSLogDeliveryWrite\",\n      \"Effect\": \"Allow\",\n      \"Action\": \"s3:PutObject\",\n      \"Resource\": \"arn:aws:s3:::atlantis-access-logs-162193915932-eu-west-1/*/AWSLogs/162193915932/*\",\n      \"Principal\": {\n        \"Service\": \"delivery.logs.amazonaws.com\"\n      },\n      \"Condition\": {\n        \"StringEquals\": {\n          \"s3:x-amz-acl\": [\n            \"bucket-owner-full-control\"\n          ]\n        }\n      }\n    },\n    {\n      \"Sid\": \"AWSLogDeliveryAclCheck\",\n      \"Effect\": \"Allow\",\n      \"Action\": \"s3:GetBucketAcl\",\n      \"Resource\": \"arn:aws:s3:::atlantis-access-logs-162193915932-eu-west-1\",\n      \"Principal\": {\n        \"Service\": \"delivery.logs.amazonaws.com\"\n      }\n    }\n  ]\n}"
            ],
            "statement": null,
            "version": "2012-10-17"
          },
          "sensitive_attributes": []
        }
      ]
    },
    {
      "module": "module.atlantis_access_log_bucket",
      "mode": "managed",
      "type": "aws_s3_bucket",
      "name": "this",
      "provider": "provider[\"registry.terraform.io/hashicorp/aws\"]",
      "instances": [
        {
          "index_key": 0,
          "schema_version": 0,
          "attributes": {
            "acceleration_status": "",
            "acl": "private",
            "arn": "arn:aws:s3:::atlantis-access-logs-162193915932-eu-west-1",
            "bucket": "atlantis-access-logs-162193915932-eu-west-1",
            "bucket_domain_name": "atlantis-access-logs-162193915932-eu-west-1.s3.amazonaws.com",
            "bucket_prefix": null,
            "bucket_regional_domain_name": "atlantis-access-logs-162193915932-eu-west-1.s3.eu-west-1.amazonaws.com",
            "cors_rule": [],
            "force_destroy": true,
            "grant": [],
            "hosted_zone_id": "Z1BKCTXD74EZPE",
            "id": "atlantis-access-logs-162193915932-eu-west-1",
            "lifecycle_rule": [
              {
                "abort_incomplete_multipart_upload_days": 0,
                "enabled": true,
                "expiration": [
                  {
                    "date": "",
                    "days": 90,
                    "expired_object_delete_marker": false
                  }
                ],
                "id": "all",
                "noncurrent_version_expiration": [
                  {
                    "days": 30
                  }
                ],
                "noncurrent_version_transition": [],
                "prefix": "",
                "tags": null,
                "transition": [
                  {
                    "date": "",
                    "days": 30,
                    "storage_class": "ONEZONE_IA"
                  },
                  {
                    "date": "",
                    "days": 60,
                    "storage_class": "GLACIER"
                  }
                ]
              }
            ],
            "logging": [],
            "object_lock_configuration": [],
            "policy": null,
            "region": "eu-west-1",
            "replication_configuration": [],
            "request_payer": "BucketOwner",
            "server_side_encryption_configuration": [
              {
                "rule": [
                  {
                    "apply_server_side_encryption_by_default": [
                      {
                        "kms_master_key_id": "",
                        "sse_algorithm": "AES256"
                      }
                    ],
                    "bucket_key_enabled": false
                  }
                ]
              }
            ],
            "tags": {
              "Environment": "dev",
              "Owner": "user"
            },
            "tags_all": {
              "Environment": "dev",
              "Owner": "user"
            },
            "versioning": [
              {
                "enabled": false,
                "mfa_delete": false
              }
            ],
            "website": [],
            "website_domain": null,
            "website_endpoint": null
          },
          "sensitive_attributes": [],
          "private": "bnVsbA==",
          "dependencies": [
            "data.aws_caller_identity.current",
            "data.aws_region.current"
          ]
        }
      ]
    },
    {
      "module": "module.atlantis_access_log_bucket",
      "mode": "managed",
      "type": "aws_s3_bucket_policy",
      "name": "this",
      "provider": "provider[\"registry.terraform.io/hashicorp/aws\"]",
      "instances": [
        {
          "index_key": 0,
          "schema_version": 0,
          "attributes": {
            "bucket": "atlantis-access-logs-162193915932-eu-west-1",
            "id": "atlantis-access-logs-162193915932-eu-west-1",
            "policy": "{\n  \"Version\": \"2012-10-17\",\n  \"Statement\": [\n    {\n      \"Sid\": \"LogsLogDeliveryWrite\",\n      \"Effect\": \"Allow\",\n      \"Action\": \"s3:PutObject\",\n      \"Resource\": \"arn:aws:s3:::atlantis-access-logs-162193915932-eu-west-1/*/AWSLogs/162193915932/*\",\n      \"Principal\": {\n        \"AWS\": \"arn:aws:iam::156460612806:root\"\n      }\n    },\n    {\n      \"Sid\": \"AWSLogDeliveryWrite\",\n      \"Effect\": \"Allow\",\n      \"Action\": \"s3:PutObject\",\n      \"Resource\": \"arn:aws:s3:::atlantis-access-logs-162193915932-eu-west-1/*/AWSLogs/162193915932/*\",\n      \"Principal\": {\n        \"Service\": \"delivery.logs.amazonaws.com\"\n      },\n      \"Condition\": {\n        \"StringEquals\": {\n          \"s3:x-amz-acl\": [\n            \"bucket-owner-full-control\"\n          ]\n        }\n      }\n    },\n    {\n      \"Sid\": \"AWSLogDeliveryAclCheck\",\n      \"Effect\": \"Allow\",\n      \"Action\": \"s3:GetBucketAcl\",\n      \"Resource\": \"arn:aws:s3:::atlantis-access-logs-162193915932-eu-west-1\",\n      \"Principal\": {\n        \"Service\": \"delivery.logs.amazonaws.com\"\n      }\n    }\n  ]\n}"
          },
          "sensitive_attributes": [],
          "private": "bnVsbA==",
          "dependencies": [
            "data.aws_caller_identity.current",
            "data.aws_elb_service_account.current",
            "data.aws_iam_policy_document.atlantis_access_log_bucket_policy",
            "data.aws_region.current",
            "module.atlantis_access_log_bucket.aws_s3_bucket.this",
            "module.atlantis_access_log_bucket.data.aws_iam_policy_document.combined",
            "module.atlantis_access_log_bucket.data.aws_iam_policy_document.deny_insecure_transport",
            "module.atlantis_access_log_bucket.data.aws_iam_policy_document.elb_log_delivery",
            "module.atlantis_access_log_bucket.data.aws_iam_policy_document.lb_log_delivery"
          ]
        }
      ]
    },
    {
      "module": "module.atlantis_access_log_bucket",
      "mode": "managed",
      "type": "aws_s3_bucket_public_access_block",
      "name": "this",
      "provider": "provider[\"registry.terraform.io/hashicorp/aws\"]",
      "instances": [
        {
          "index_key": 0,
          "schema_version": 0,
          "attributes": {
            "block_public_acls": true,
            "block_public_policy": true,
            "bucket": "atlantis-access-logs-162193915932-eu-west-1",
            "id": "atlantis-access-logs-162193915932-eu-west-1",
            "ignore_public_acls": true,
            "restrict_public_buckets": true
          },
          "sensitive_attributes": [],
          "private": "bnVsbA==",
          "dependencies": [
            "data.aws_caller_identity.current",
            "data.aws_elb_service_account.current",
            "data.aws_iam_policy_document.atlantis_access_log_bucket_policy",
            "data.aws_region.current",
            "module.atlantis_access_log_bucket.aws_s3_bucket.this",
            "module.atlantis_access_log_bucket.aws_s3_bucket_policy.this",
            "module.atlantis_access_log_bucket.data.aws_iam_policy_document.combined",
            "module.atlantis_access_log_bucket.data.aws_iam_policy_document.deny_insecure_transport",
            "module.atlantis_access_log_bucket.data.aws_iam_policy_document.elb_log_delivery",
            "module.atlantis_access_log_bucket.data.aws_iam_policy_document.lb_log_delivery"
          ]
        }
      ]
    },
    {
      "module": "module.github_repository_webhook",
      "mode": "managed",
      "type": "github_repository_webhook",
      "name": "this",
      "provider": "module.github_repository_webhook.provider[\"registry.terraform.io/integrations/github\"]",
      "instances": [
        {
          "index_key": 0,
          "schema_version": 1,
          "attributes": {
            "active": true,
            "configuration": [
              {
                "content_type": "application/json",
                "insecure_ssl": false,
                "secret": "168161d4ac853d98f1929069c57af847c327be15cd9a67757d54d67b230ed987d338a8833ab8a8bdd9eab6027a60262258381b760dfc8572f676dfc6a45ff219",
                "url": "https://github-complete.chiboy.link/events"
              }
            ],
            "etag": null,
            "events": [
              "issue_comment",
              "pull_request",
              "pull_request_review",
              "pull_request_review_comment"
            ],
            "id": "326189467",
            "name": null,
            "repository": "develop",
            "url": "https://api.github.com/repos/franklinjob/develop/hooks/326189467"
          },
          "sensitive_attributes": [
            [
              {
                "type": "get_attr",
                "value": "configuration"
              },
              {
                "type": "index",
                "value": {
                  "value": 0,
                  "type": "number"
                }
              },
              {
                "type": "get_attr",
                "value": "secret"
              }
            ]
          ],
          "private": "eyJzY2hlbWFfdmVyc2lvbiI6IjEifQ==",
          "dependencies": [
            "data.aws_caller_identity.current",
            "data.aws_elb_service_account.current",
            "data.aws_iam_policy_document.atlantis_access_log_bucket_policy",
            "data.aws_region.current",
            "module.atlantis.aws_route53_record.atlantis",
            "module.atlantis.data.aws_route53_zone.this",
            "module.atlantis.module.alb.aws_lb.this",
            "module.atlantis.module.alb_http_sg.module.sg.aws_security_group.this",
            "module.atlantis.module.alb_http_sg.module.sg.aws_security_group.this_name_prefix",
            "module.atlantis.module.alb_https_sg.module.sg.aws_security_group.this",
            "module.atlantis.module.alb_https_sg.module.sg.aws_security_group.this_name_prefix",
            "module.atlantis.module.vpc.aws_subnet.public",
            "module.atlantis.module.vpc.aws_vpc.this",
            "module.atlantis.module.vpc.aws_vpc_ipv4_cidr_block_association.this",
            "module.atlantis.random_id.webhook",
            "module.atlantis_access_log_bucket.aws_s3_bucket.this",
            "module.atlantis_access_log_bucket.aws_s3_bucket_policy.this",
            "module.atlantis_access_log_bucket.data.aws_iam_policy_document.combined",
            "module.atlantis_access_log_bucket.data.aws_iam_policy_document.deny_insecure_transport",
            "module.atlantis_access_log_bucket.data.aws_iam_policy_document.elb_log_delivery",
            "module.atlantis_access_log_bucket.data.aws_iam_policy_document.lb_log_delivery"
          ]
        }
      ]
    }
  ]
}
